
Microsoft Visual Studio Solution File, Format Version 12.00
# Visual Studio Version 17
VisualStudioVersion = 17.0.31903.59
MinimumVisualStudioVersion = 10.0.40219.1
Project("{2150E333-8FDC-42A3-9474-1A3956D46DE8}") = "src", "src", "{827E0CD3-B72D-47B6-A68D-7590B98EB39B}"
EndProject
Project("{FAE04EC0-301F-11D3-BF4B-00C04F79EFBC}") = "InvestLens.Api", "src\InvestLens.Api\InvestLens.Api.csproj", "{8D7C93A7-7BDD-4957-AB8A-571CB2CAA223}"
EndProject
Project("{FAE04EC0-301F-11D3-BF4B-00C04F79EFBC}") = "InvestLens.Application", "src\InvestLens.Application\InvestLens.Application.csproj", "{AB261A35-30DA-4FB4-B975-BD4AFD7A9F9E}"
EndProject
Project("{FAE04EC0-301F-11D3-BF4B-00C04F79EFBC}") = "InvestLens.Domain", "src\InvestLens.Domain\InvestLens.Domain.csproj", "{768E8D65-DCA9-4794-9A56-AD9A4CFC1C30}"
EndProject
Project("{FAE04EC0-301F-11D3-BF4B-00C04F79EFBC}") = "InvestLens.Infrastructure", "src\InvestLens.Infrastructure\InvestLens.Infrastructure.csproj", "{A8C655C1-0FD4-48DE-9446-646FC0542CE2}"
EndProject
Project("{2150E333-8FDC-42A3-9474-1A3956D46DE8}") = "tests", "tests", "{0AB3BF05-4346-4AA6-1389-037BE0695223}"
EndProject
Project("{FAE04EC0-301F-11D3-BF4B-00C04F79EFBC}") = "InvestLens.UnitTests", "tests\InvestLens.UnitTests\InvestLens.UnitTests.csproj", "{426F38E1-68CD-4975-9B90-08F2D585CEBA}"
EndProject
Project("{FAE04EC0-301F-11D3-BF4B-00C04F79EFBC}") = "InvestLens.IntegrationTests", "tests\InvestLens.IntegrationTests\InvestLens.IntegrationTests.csproj", "{1B6AAD47-E263-4D95-A1A2-4DAADB2FF0CC}"
EndProject
Global
	GlobalSection(SolutionConfigurationPlatforms) = preSolution
		Debug|Any CPU = Debug|Any CPU
		Debug|x64 = Debug|x64
		Debug|x86 = Debug|x86
		Release|Any CPU = Release|Any CPU
		Release|x64 = Release|x64
		Release|x86 = Release|x86
	EndGlobalSection
	GlobalSection(ProjectConfigurationPlatforms) = postSolution
		{8D7C93A7-7BDD-4957-AB8A-571CB2CAA223}.Debug|Any CPU.ActiveCfg = Debug|Any CPU
		{8D7C93A7-7BDD-4957-AB8A-571CB2CAA223}.Debug|Any CPU.Build.0 = Debug|Any CPU
		{8D7C93A7-7BDD-4957-AB8A-571CB2CAA223}.Debug|x64.ActiveCfg = Debug|Any CPU
		{8D7C93A7-7BDD-4957-AB8A-571CB2CAA223}.Debug|x64.Build.0 = Debug|Any CPU
		{8D7C93A7-7BDD-4957-AB8A-571CB2CAA223}.Debug|x86.ActiveCfg = Debug|Any CPU
		{8D7C93A7-7BDD-4957-AB8A-571CB2CAA223}.Debug|x86.Build.0 = Debug|Any CPU
		{8D7C93A7-7BDD-4957-AB8A-571CB2CAA223}.Release|Any CPU.ActiveCfg = Release|Any CPU
		{8D7C93A7-7BDD-4957-AB8A-571CB2CAA223}.Release|Any CPU.Build.0 = Release|Any CPU
		{8D7C93A7-7BDD-4957-AB8A-571CB2CAA223}.Release|x64.ActiveCfg = Release|Any CPU
		{8D7C93A7-7BDD-4957-AB8A-571CB2CAA223}.Release|x64.Build.0 = Release|Any CPU
		{8D7C93A7-7BDD-4957-AB8A-571CB2CAA223}.Release|x86.ActiveCfg = Release|Any CPU
		{8D7C93A7-7BDD-4957-AB8A-571CB2CAA223}.Release|x86.Build.0 = Release|Any CPU
		{AB261A35-30DA-4FB4-B975-BD4AFD7A9F9E}.Debug|Any CPU.ActiveCfg = Debug|Any CPU
		{AB261A35-30DA-4FB4-B975-BD4AFD7A9F9E}.Debug|Any CPU.Build.0 = Debug|Any CPU
		{AB261A35-30DA-4FB4-B975-BD4AFD7A9F9E}.Debug|x64.ActiveCfg = Debug|Any CPU
		{AB261A35-30DA-4FB4-B975-BD4AFD7A9F9E}.Debug|x64.Build.0 = Debug|Any CPU
		{AB261A35-30DA-4FB4-B975-BD4AFD7A9F9E}.Debug|x86.ActiveCfg = Debug|Any CPU
		{AB261A35-30DA-4FB4-B975-BD4AFD7A9F9E}.Debug|x86.Build.0 = Debug|Any CPU
		{AB261A35-30DA-4FB4-B975-BD4AFD7A9F9E}.Release|Any CPU.ActiveCfg = Release|Any CPU
		{AB261A35-30DA-4FB4-B975-BD4AFD7A9F9E}.Release|Any CPU.Build.0 = Release|Any CPU
		{AB261A35-30DA-4FB4-B975-BD4AFD7A9F9E}.Release|x64.ActiveCfg = Release|Any CPU
		{AB261A35-30DA-4FB4-B975-BD4AFD7A9F9E}.Release|x64.Build.0 = Release|Any CPU
		{AB261A35-30DA-4FB4-B975-BD4AFD7A9F9E}.Release|x86.ActiveCfg = Release|Any CPU
		{AB261A35-30DA-4FB4-B975-BD4AFD7A9F9E}.Release|x86.Build.0 = Release|Any CPU
		{768E8D65-DCA9-4794-9A56-AD9A4CFC1C30}.Debug|Any CPU.ActiveCfg = Debug|Any CPU
		{768E8D65-DCA9-4794-9A56-AD9A4CFC1C30}.Debug|Any CPU.Build.0 = Debug|Any CPU
		{768E8D65-DCA9-4794-9A56-AD9A4CFC1C30}.Debug|x64.ActiveCfg = Debug|Any CPU
		{768E8D65-DCA9-4794-9A56-AD9A4CFC1C30}.Debug|x64.Build.0 = Debug|Any CPU
		{768E8D65-DCA9-4794-9A56-AD9A4CFC1C30}.Debug|x86.ActiveCfg = Debug|Any CPU
		{768E8D65-DCA9-4794-9A56-AD9A4CFC1C30}.Debug|x86.Build.0 = Debug|Any CPU
		{768E8D65-DCA9-4794-9A56-AD9A4CFC1C30}.Release|Any CPU.ActiveCfg = Release|Any CPU
		{768E8D65-DCA9-4794-9A56-AD9A4CFC1C30}.Release|Any CPU.Build.0 = Release|Any CPU
		{768E8D65-DCA9-4794-9A56-AD9A4CFC1C30}.Release|x64.ActiveCfg = Release|Any CPU
		{768E8D65-DCA9-4794-9A56-AD9A4CFC1C30}.Release|x64.Build.0 = Release|Any CPU
		{768E8D65-DCA9-4794-9A56-AD9A4CFC1C30}.Release|x86.ActiveCfg = Release|Any CPU
		{768E8D65-DCA9-4794-9A56-AD9A4CFC1C30}.Release|x86.Build.0 = Release|Any CPU
		{A8C655C1-0FD4-48DE-9446-646FC0542CE2}.Debug|Any CPU.ActiveCfg = Debug|Any CPU
		{A8C655C1-0FD4-48DE-9446-646FC0542CE2}.Debug|Any CPU.Build.0 = Debug|Any CPU
		{A8C655C1-0FD4-48DE-9446-646FC0542CE2}.Debug|x64.ActiveCfg = Debug|Any CPU
		{A8C655C1-0FD4-48DE-9446-646FC0542CE2}.Debug|x64.Build.0 = Debug|Any CPU
		{A8C655C1-0FD4-48DE-9446-646FC0542CE2}.Debug|x86.ActiveCfg = Debug|Any CPU
		{A8C655C1-0FD4-48DE-9446-646FC0542CE2}.Debug|x86.Build.0 = Debug|Any CPU
		{A8C655C1-0FD4-48DE-9446-646FC0542CE2}.Release|Any CPU.ActiveCfg = Release|Any CPU
		{A8C655C1-0FD4-48DE-9446-646FC0542CE2}.Release|Any CPU.Build.0 = Release|Any CPU
		{A8C655C1-0FD4-48DE-9446-646FC0542CE2}.Release|x64.ActiveCfg = Release|Any CPU
		{A8C655C1-0FD4-48DE-9446-646FC0542CE2}.Release|x64.Build.0 = Release|Any CPU
		{A8C655C1-0FD4-48DE-9446-646FC0542CE2}.Release|x86.ActiveCfg = Release|Any CPU
		{A8C655C1-0FD4-48DE-9446-646FC0542CE2}.Release|x86.Build.0 = Release|Any CPU
		{426F38E1-68CD-4975-9B90-08F2D585CEBA}.Debug|Any CPU.ActiveCfg = Debug|Any CPU
		{426F38E1-68CD-4975-9B90-08F2D585CEBA}.Debug|Any CPU.Build.0 = Debug|Any CPU
		{426F38E1-68CD-4975-9B90-08F2D585CEBA}.Debug|x64.ActiveCfg = Debug|Any CPU
		{426F38E1-68CD-4975-9B90-08F2D585CEBA}.Debug|x64.Build.0 = Debug|Any CPU
		{426F38E1-68CD-4975-9B90-08F2D585CEBA}.Debug|x86.ActiveCfg = Debug|Any CPU
		{426F38E1-68CD-4975-9B90-08F2D585CEBA}.Debug|x86.Build.0 = Debug|Any CPU
		{426F38E1-68CD-4975-9B90-08F2D585CEBA}.Release|Any CPU.ActiveCfg = Release|Any CPU
		{426F38E1-68CD-4975-9B90-08F2D585CEBA}.Release|Any CPU.Build.0 = Release|Any CPU
		{426F38E1-68CD-4975-9B90-08F2D585CEBA}.Release|x64.ActiveCfg = Release|Any CPU
		{426F38E1-68CD-4975-9B90-08F2D585CEBA}.Release|x64.Build.0 = Release|Any CPU
		{426F38E1-68CD-4975-9B90-08F2D585CEBA}.Release|x86.ActiveCfg = Release|Any CPU
		{426F38E1-68CD-4975-9B90-08F2D585CEBA}.Release|x86.Build.0 = Release|Any CPU
		{1B6AAD47-E263-4D95-A1A2-4DAADB2FF0CC}.Debug|Any CPU.ActiveCfg = Debug|Any CPU
		{1B6AAD47-E263-4D95-A1A2-4DAADB2FF0CC}.Debug|Any CPU.Build.0 = Debug|Any CPU
		{1B6AAD47-E263-4D95-A1A2-4DAADB2FF0CC}.Debug|x64.ActiveCfg = Debug|Any CPU
		{1B6AAD47-E263-4D95-A1A2-4DAADB2FF0CC}.Debug|x64.Build.0 = Debug|Any CPU
		{1B6AAD47-E263-4D95-A1A2-4DAADB2FF0CC}.Debug|x86.ActiveCfg = Debug|Any CPU
		{1B6AAD47-E263-4D95-A1A2-4DAADB2FF0CC}.Debug|x86.Build.0 = Debug|Any CPU
		{1B6AAD47-E263-4D95-A1A2-4DAADB2FF0CC}.Release|Any CPU.ActiveCfg = Release|Any CPU
		{1B6AAD47-E263-4D95-A1A2-4DAADB2FF0CC}.Release|Any CPU.Build.0 = Release|Any CPU
		{1B6AAD47-E263-4D95-A1A2-4DAADB2FF0CC}.Release|x64.ActiveCfg = Release|Any CPU
		{1B6AAD47-E263-4D95-A1A2-4DAADB2FF0CC}.Release|x64.Build.0 = Release|Any CPU
		{1B6AAD47-E263-4D95-A1A2-4DAADB2FF0CC}.Release|x86.ActiveCfg = Release|Any CPU
		{1B6AAD47-E263-4D95-A1A2-4DAADB2FF0CC}.Release|x86.Build.0 = Release|Any CPU
	EndGlobalSection
	GlobalSection(SolutionProperties) = preSolution
		HideSolutionNode = FALSE
	EndGlobalSection
	GlobalSection(NestedProjects) = preSolution
		{8D7C93A7-7BDD-4957-AB8A-571CB2CAA223} = {827E0CD3-B72D-47B6-A68D-7590B98EB39B}
		{AB261A35-30DA-4FB4-B975-BD4AFD7A9F9E} = {827E0CD3-B72D-47B6-A68D-7590B98EB39B}
		{768E8D65-DCA9-4794-9A56-AD9A4CFC1C30} = {827E0CD3-B72D-47B6-A68D-7590B98EB39B}
		{A8C655C1-0FD4-48DE-9446-646FC0542CE2} = {827E0CD3-B72D-47B6-A68D-7590B98EB39B}
		{426F38E1-68CD-4975-9B90-08F2D585CEBA} = {0AB3BF05-4346-4AA6-1389-037BE0695223}
		{1B6AAD47-E263-4D95-A1A2-4DAADB2FF0CC} = {0AB3BF05-4346-4AA6-1389-037BE0695223}
	EndGlobalSection
EndGlobal
